
Microsoft Visual Studio Solution File, Format Version 12.00
# Visual Studio Version 17
VisualStudioVersion = 17.3.32901.215
MinimumVisualStudioVersion = 10.0.40219.1
Project("{FAE04EC0-301F-11D3-BF4B-00C04F79EFBC}") = "InputLearning", "InputLearning\InputLearning.csproj", "{3D4E46F1-660C-4EBF-8F12-CDB8E310C7CD}"
EndProject
Global
	GlobalSection(SolutionConfigurationPlatforms) = preSolution
		Debug|Any CPU = Debug|Any CPU
		Release|Any CPU = Release|Any CPU
	EndGlobalSection
	GlobalSection(ProjectConfigurationPlatforms) = postSolution
		{3D4E46F1-660C-4EBF-8F12-CDB8E310C7CD}.Debug|Any CPU.ActiveCfg = Debug|Any CPU
		{3D4E46F1-660C-4EBF-8F12-CDB8E310C7CD}.Debug|Any CPU.Build.0 = Debug|Any CPU
		{3D4E46F1-660C-4EBF-8F12-CDB8E310C7CD}.Release|Any CPU.ActiveCfg = Release|Any CPU
		{3D4E46F1-660C-4EBF-8F12-CDB8E310C7CD}.Release|Any CPU.Build.0 = Release|Any CPU
	EndGlobalSection
	GlobalSection(SolutionProperties) = preSolution
		HideSolutionNode = FALSE
	EndGlobalSection
	GlobalSection(ExtensibilityGlobals) = postSolution
		SolutionGuid = {B3991737-0F83-4DCE-89A2-B536D50E716E}
	EndGlobalSection
EndGlobal
