
Microsoft Visual Studio Solution File, Format Version 12.00
# Visual Studio Version 17
VisualStudioVersion = 17.3.32901.215
MinimumVisualStudioVersion = 10.0.40219.1
Project("{FAE04EC0-301F-11D3-BF4B-00C04F79EFBC}") = "Class-197-ArchiveManipulation", "Class-197-ArchiveManipulation\Class-197-ArchiveManipulation.csproj", "{E9EF88D4-A258-4C13-98C5-E6403A1221F6}"
EndProject
Global
	GlobalSection(SolutionConfigurationPlatforms) = preSolution
		Debug|Any CPU = Debug|Any CPU
		Release|Any CPU = Release|Any CPU
	EndGlobalSection
	GlobalSection(ProjectConfigurationPlatforms) = postSolution
		{E9EF88D4-A258-4C13-98C5-E6403A1221F6}.Debug|Any CPU.ActiveCfg = Debug|Any CPU
		{E9EF88D4-A258-4C13-98C5-E6403A1221F6}.Debug|Any CPU.Build.0 = Debug|Any CPU
		{E9EF88D4-A258-4C13-98C5-E6403A1221F6}.Release|Any CPU.ActiveCfg = Release|Any CPU
		{E9EF88D4-A258-4C13-98C5-E6403A1221F6}.Release|Any CPU.Build.0 = Release|Any CPU
	EndGlobalSection
	GlobalSection(SolutionProperties) = preSolution
		HideSolutionNode = FALSE
	EndGlobalSection
	GlobalSection(ExtensibilityGlobals) = postSolution
		SolutionGuid = {E7D93AD9-48F7-4A60-850D-030A4D8BA62F}
	EndGlobalSection
EndGlobal
