
Microsoft Visual Studio Solution File, Format Version 12.00
# Visual Studio Version 17
VisualStudioVersion = 17.3.32901.215
MinimumVisualStudioVersion = 10.0.40219.1
Project("{FAE04EC0-301F-11D3-BF4B-00C04F79EFBC}") = "ConversionAndCasting", "ConversionAndCasting\ConversionAndCasting.csproj", "{E75387C2-2260-4A6D-8698-BD4AED851024}"
EndProject
Global
	GlobalSection(SolutionConfigurationPlatforms) = preSolution
		Debug|Any CPU = Debug|Any CPU
		Release|Any CPU = Release|Any CPU
	EndGlobalSection
	GlobalSection(ProjectConfigurationPlatforms) = postSolution
		{E75387C2-2260-4A6D-8698-BD4AED851024}.Debug|Any CPU.ActiveCfg = Debug|Any CPU
		{E75387C2-2260-4A6D-8698-BD4AED851024}.Debug|Any CPU.Build.0 = Debug|Any CPU
		{E75387C2-2260-4A6D-8698-BD4AED851024}.Release|Any CPU.ActiveCfg = Release|Any CPU
		{E75387C2-2260-4A6D-8698-BD4AED851024}.Release|Any CPU.Build.0 = Release|Any CPU
	EndGlobalSection
	GlobalSection(SolutionProperties) = preSolution
		HideSolutionNode = FALSE
	EndGlobalSection
	GlobalSection(ExtensibilityGlobals) = postSolution
		SolutionGuid = {856AF1FA-1D34-45C5-841A-4A1C83085144}
	EndGlobalSection
EndGlobal
