
Microsoft Visual Studio Solution File, Format Version 12.00
# Visual Studio Version 17
VisualStudioVersion = 17.3.32901.215
MinimumVisualStudioVersion = 10.0.40219.1
Project("{FAE04EC0-301F-11D3-BF4B-00C04F79EFBC}") = "SecondProject", "SecondProject\SecondProject.csproj", "{75C93A7F-7F9F-4120-80EC-BFA1893AC941}"
EndProject
Global
	GlobalSection(SolutionConfigurationPlatforms) = preSolution
		Debug|Any CPU = Debug|Any CPU
		Release|Any CPU = Release|Any CPU
	EndGlobalSection
	GlobalSection(ProjectConfigurationPlatforms) = postSolution
		{75C93A7F-7F9F-4120-80EC-BFA1893AC941}.Debug|Any CPU.ActiveCfg = Debug|Any CPU
		{75C93A7F-7F9F-4120-80EC-BFA1893AC941}.Debug|Any CPU.Build.0 = Debug|Any CPU
		{75C93A7F-7F9F-4120-80EC-BFA1893AC941}.Release|Any CPU.ActiveCfg = Release|Any CPU
		{75C93A7F-7F9F-4120-80EC-BFA1893AC941}.Release|Any CPU.Build.0 = Release|Any CPU
	EndGlobalSection
	GlobalSection(SolutionProperties) = preSolution
		HideSolutionNode = FALSE
	EndGlobalSection
	GlobalSection(ExtensibilityGlobals) = postSolution
		SolutionGuid = {CB0E6DEA-D94E-45F0-9EEA-04774FDABF62}
	EndGlobalSection
EndGlobal
