
Microsoft Visual Studio Solution File, Format Version 12.00
# Visual Studio Version 17
VisualStudioVersion = 17.3.32901.215
MinimumVisualStudioVersion = 10.0.40219.1
Project("{FAE04EC0-301F-11D3-BF4B-00C04F79EFBC}") = "Class87SpecialResources", "Class87SpecialResources\Class87SpecialResources.csproj", "{EAF0CFEB-26DC-49F6-A41F-B7C4BCD9A823}"
EndProject
Global
	GlobalSection(SolutionConfigurationPlatforms) = preSolution
		Debug|Any CPU = Debug|Any CPU
		Release|Any CPU = Release|Any CPU
	EndGlobalSection
	GlobalSection(ProjectConfigurationPlatforms) = postSolution
		{EAF0CFEB-26DC-49F6-A41F-B7C4BCD9A823}.Debug|Any CPU.ActiveCfg = Debug|Any CPU
		{EAF0CFEB-26DC-49F6-A41F-B7C4BCD9A823}.Debug|Any CPU.Build.0 = Debug|Any CPU
		{EAF0CFEB-26DC-49F6-A41F-B7C4BCD9A823}.Release|Any CPU.ActiveCfg = Release|Any CPU
		{EAF0CFEB-26DC-49F6-A41F-B7C4BCD9A823}.Release|Any CPU.Build.0 = Release|Any CPU
	EndGlobalSection
	GlobalSection(SolutionProperties) = preSolution
		HideSolutionNode = FALSE
	EndGlobalSection
	GlobalSection(ExtensibilityGlobals) = postSolution
		SolutionGuid = {100B55FE-FD47-4B7E-9724-726520F4EDAF}
	EndGlobalSection
EndGlobal
