
Microsoft Visual Studio Solution File, Format Version 12.00
# Visual Studio Version 17
VisualStudioVersion = 17.3.32901.215
MinimumVisualStudioVersion = 10.0.40219.1
Project("{FAE04EC0-301F-11D3-BF4B-00C04F79EFBC}") = "Class90TimeSpan", "Class90TimeSpan\Class90TimeSpan.csproj", "{2E92260A-FF7C-45CA-9B5C-8A730BA682D1}"
EndProject
Global
	GlobalSection(SolutionConfigurationPlatforms) = preSolution
		Debug|Any CPU = Debug|Any CPU
		Release|Any CPU = Release|Any CPU
	EndGlobalSection
	GlobalSection(ProjectConfigurationPlatforms) = postSolution
		{2E92260A-FF7C-45CA-9B5C-8A730BA682D1}.Debug|Any CPU.ActiveCfg = Debug|Any CPU
		{2E92260A-FF7C-45CA-9B5C-8A730BA682D1}.Debug|Any CPU.Build.0 = Debug|Any CPU
		{2E92260A-FF7C-45CA-9B5C-8A730BA682D1}.Release|Any CPU.ActiveCfg = Release|Any CPU
		{2E92260A-FF7C-45CA-9B5C-8A730BA682D1}.Release|Any CPU.Build.0 = Release|Any CPU
	EndGlobalSection
	GlobalSection(SolutionProperties) = preSolution
		HideSolutionNode = FALSE
	EndGlobalSection
	GlobalSection(ExtensibilityGlobals) = postSolution
		SolutionGuid = {69E590A1-5DB7-4D44-8166-E2746AA2A079}
	EndGlobalSection
EndGlobal
