
Microsoft Visual Studio Solution File, Format Version 12.00
# Visual Studio Version 17
VisualStudioVersion = 17.3.32901.215
MinimumVisualStudioVersion = 10.0.40219.1
Project("{FAE04EC0-301F-11D3-BF4B-00C04F79EFBC}") = "Class-222-Dictionary", "Class-222-Dictionary\Class-222-Dictionary.csproj", "{64D073BE-F9D9-409C-9071-D89D22968A01}"
EndProject
Global
	GlobalSection(SolutionConfigurationPlatforms) = preSolution
		Debug|Any CPU = Debug|Any CPU
		Release|Any CPU = Release|Any CPU
	EndGlobalSection
	GlobalSection(ProjectConfigurationPlatforms) = postSolution
		{64D073BE-F9D9-409C-9071-D89D22968A01}.Debug|Any CPU.ActiveCfg = Debug|Any CPU
		{64D073BE-F9D9-409C-9071-D89D22968A01}.Debug|Any CPU.Build.0 = Debug|Any CPU
		{64D073BE-F9D9-409C-9071-D89D22968A01}.Release|Any CPU.ActiveCfg = Release|Any CPU
		{64D073BE-F9D9-409C-9071-D89D22968A01}.Release|Any CPU.Build.0 = Release|Any CPU
	EndGlobalSection
	GlobalSection(SolutionProperties) = preSolution
		HideSolutionNode = FALSE
	EndGlobalSection
	GlobalSection(ExtensibilityGlobals) = postSolution
		SolutionGuid = {F3C770B3-B28F-4609-AC48-35D509F03580}
	EndGlobalSection
EndGlobal
