
Microsoft Visual Studio Solution File, Format Version 12.00
# Visual Studio Version 17
VisualStudioVersion = 17.3.32901.215
MinimumVisualStudioVersion = 10.0.40219.1
Project("{FAE04EC0-301F-11D3-BF4B-00C04F79EFBC}") = "ChallengeCollections", "ChallengeCollections\ChallengeCollections.csproj", "{89FE0FBB-F122-4884-9F1E-3AC883710ABD}"
EndProject
Global
	GlobalSection(SolutionConfigurationPlatforms) = preSolution
		Debug|Any CPU = Debug|Any CPU
		Release|Any CPU = Release|Any CPU
	EndGlobalSection
	GlobalSection(ProjectConfigurationPlatforms) = postSolution
		{89FE0FBB-F122-4884-9F1E-3AC883710ABD}.Debug|Any CPU.ActiveCfg = Debug|Any CPU
		{89FE0FBB-F122-4884-9F1E-3AC883710ABD}.Debug|Any CPU.Build.0 = Debug|Any CPU
		{89FE0FBB-F122-4884-9F1E-3AC883710ABD}.Release|Any CPU.ActiveCfg = Release|Any CPU
		{89FE0FBB-F122-4884-9F1E-3AC883710ABD}.Release|Any CPU.Build.0 = Release|Any CPU
	EndGlobalSection
	GlobalSection(SolutionProperties) = preSolution
		HideSolutionNode = FALSE
	EndGlobalSection
	GlobalSection(ExtensibilityGlobals) = postSolution
		SolutionGuid = {C0214BA9-900B-4393-874B-46D641AF061D}
	EndGlobalSection
EndGlobal
