
Microsoft Visual Studio Solution File, Format Version 12.00
# Visual Studio Version 17
VisualStudioVersion = 17.3.32901.215
MinimumVisualStudioVersion = 10.0.40219.1
Project("{FAE04EC0-301F-11D3-BF4B-00C04F79EFBC}") = "Class89DateTime", "Class89DateTime\Class89DateTime.csproj", "{086E9B03-F730-43BB-9A4D-C359E922C060}"
EndProject
Global
	GlobalSection(SolutionConfigurationPlatforms) = preSolution
		Debug|Any CPU = Debug|Any CPU
		Release|Any CPU = Release|Any CPU
	EndGlobalSection
	GlobalSection(ProjectConfigurationPlatforms) = postSolution
		{086E9B03-F730-43BB-9A4D-C359E922C060}.Debug|Any CPU.ActiveCfg = Debug|Any CPU
		{086E9B03-F730-43BB-9A4D-C359E922C060}.Debug|Any CPU.Build.0 = Debug|Any CPU
		{086E9B03-F730-43BB-9A4D-C359E922C060}.Release|Any CPU.ActiveCfg = Release|Any CPU
		{086E9B03-F730-43BB-9A4D-C359E922C060}.Release|Any CPU.Build.0 = Release|Any CPU
	EndGlobalSection
	GlobalSection(SolutionProperties) = preSolution
		HideSolutionNode = FALSE
	EndGlobalSection
	GlobalSection(ExtensibilityGlobals) = postSolution
		SolutionGuid = {4F703764-10A8-4D74-9E9C-5BE863F5AA30}
	EndGlobalSection
EndGlobal
