
Microsoft Visual Studio Solution File, Format Version 12.00
# Visual Studio Version 17
VisualStudioVersion = 17.3.32901.215
MinimumVisualStudioVersion = 10.0.40219.1
Project("{FAE04EC0-301F-11D3-BF4B-00C04F79EFBC}") = "Class-150-Try-Catch", "Class-150-Try-Catch\Class-150-Try-Catch.csproj", "{A0D24E77-3EB3-441E-B620-B0F83A69BA71}"
EndProject
Global
	GlobalSection(SolutionConfigurationPlatforms) = preSolution
		Debug|Any CPU = Debug|Any CPU
		Release|Any CPU = Release|Any CPU
	EndGlobalSection
	GlobalSection(ProjectConfigurationPlatforms) = postSolution
		{A0D24E77-3EB3-441E-B620-B0F83A69BA71}.Debug|Any CPU.ActiveCfg = Debug|Any CPU
		{A0D24E77-3EB3-441E-B620-B0F83A69BA71}.Debug|Any CPU.Build.0 = Debug|Any CPU
		{A0D24E77-3EB3-441E-B620-B0F83A69BA71}.Release|Any CPU.ActiveCfg = Release|Any CPU
		{A0D24E77-3EB3-441E-B620-B0F83A69BA71}.Release|Any CPU.Build.0 = Release|Any CPU
	EndGlobalSection
	GlobalSection(SolutionProperties) = preSolution
		HideSolutionNode = FALSE
	EndGlobalSection
	GlobalSection(ExtensibilityGlobals) = postSolution
		SolutionGuid = {7D1A15EE-2EE7-4B2A-8F06-EFA12B14CB50}
	EndGlobalSection
EndGlobal
