
Microsoft Visual Studio Solution File, Format Version 12.00
# Visual Studio Version 17
VisualStudioVersion = 17.3.32901.215
MinimumVisualStudioVersion = 10.0.40219.1
Project("{FAE04EC0-301F-11D3-BF4B-00C04F79EFBC}") = "Review21-09", "Review21-09\Review21-09.csproj", "{BF68207A-7FFC-4B5A-B482-BC54D5AF6ACA}"
EndProject
Global
	GlobalSection(SolutionConfigurationPlatforms) = preSolution
		Debug|Any CPU = Debug|Any CPU
		Release|Any CPU = Release|Any CPU
	EndGlobalSection
	GlobalSection(ProjectConfigurationPlatforms) = postSolution
		{BF68207A-7FFC-4B5A-B482-BC54D5AF6ACA}.Debug|Any CPU.ActiveCfg = Debug|Any CPU
		{BF68207A-7FFC-4B5A-B482-BC54D5AF6ACA}.Debug|Any CPU.Build.0 = Debug|Any CPU
		{BF68207A-7FFC-4B5A-B482-BC54D5AF6ACA}.Release|Any CPU.ActiveCfg = Release|Any CPU
		{BF68207A-7FFC-4B5A-B482-BC54D5AF6ACA}.Release|Any CPU.Build.0 = Release|Any CPU
	EndGlobalSection
	GlobalSection(SolutionProperties) = preSolution
		HideSolutionNode = FALSE
	EndGlobalSection
	GlobalSection(ExtensibilityGlobals) = postSolution
		SolutionGuid = {82C50F1E-5140-4B52-8B85-59E9071BF4C5}
	EndGlobalSection
EndGlobal
