
Microsoft Visual Studio Solution File, Format Version 12.00
# Visual Studio Version 17
VisualStudioVersion = 17.3.32901.215
MinimumVisualStudioVersion = 10.0.40219.1
Project("{FAE04EC0-301F-11D3-BF4B-00C04F79EFBC}") = "Class-208-Challenge-Interface", "Class-208-Challenge-Interface\Class-208-Challenge-Interface.csproj", "{05D5EDAB-B6A6-4542-B732-99CB50F9FA10}"
EndProject
Global
	GlobalSection(SolutionConfigurationPlatforms) = preSolution
		Debug|Any CPU = Debug|Any CPU
		Release|Any CPU = Release|Any CPU
	EndGlobalSection
	GlobalSection(ProjectConfigurationPlatforms) = postSolution
		{05D5EDAB-B6A6-4542-B732-99CB50F9FA10}.Debug|Any CPU.ActiveCfg = Debug|Any CPU
		{05D5EDAB-B6A6-4542-B732-99CB50F9FA10}.Debug|Any CPU.Build.0 = Debug|Any CPU
		{05D5EDAB-B6A6-4542-B732-99CB50F9FA10}.Release|Any CPU.ActiveCfg = Release|Any CPU
		{05D5EDAB-B6A6-4542-B732-99CB50F9FA10}.Release|Any CPU.Build.0 = Release|Any CPU
	EndGlobalSection
	GlobalSection(SolutionProperties) = preSolution
		HideSolutionNode = FALSE
	EndGlobalSection
	GlobalSection(ExtensibilityGlobals) = postSolution
		SolutionGuid = {D760D2D2-41DD-47AC-B3B3-0432736CC838}
	EndGlobalSection
EndGlobal
