
Microsoft Visual Studio Solution File, Format Version 12.00
# Visual Studio Version 17
VisualStudioVersion = 17.3.32901.215
MinimumVisualStudioVersion = 10.0.40219.1
Project("{FAE04EC0-301F-11D3-BF4B-00C04F79EFBC}") = "Class-204-Interfaces", "Class-204-Interfaces\Class-204-Interfaces.csproj", "{B8643395-8792-44E2-916A-F0138DAAF548}"
EndProject
Global
	GlobalSection(SolutionConfigurationPlatforms) = preSolution
		Debug|Any CPU = Debug|Any CPU
		Release|Any CPU = Release|Any CPU
	EndGlobalSection
	GlobalSection(ProjectConfigurationPlatforms) = postSolution
		{B8643395-8792-44E2-916A-F0138DAAF548}.Debug|Any CPU.ActiveCfg = Debug|Any CPU
		{B8643395-8792-44E2-916A-F0138DAAF548}.Debug|Any CPU.Build.0 = Debug|Any CPU
		{B8643395-8792-44E2-916A-F0138DAAF548}.Release|Any CPU.ActiveCfg = Release|Any CPU
		{B8643395-8792-44E2-916A-F0138DAAF548}.Release|Any CPU.Build.0 = Release|Any CPU
	EndGlobalSection
	GlobalSection(SolutionProperties) = preSolution
		HideSolutionNode = FALSE
	EndGlobalSection
	GlobalSection(ExtensibilityGlobals) = postSolution
		SolutionGuid = {80FA7312-3997-4CED-8036-33CADA7AE0B4}
	EndGlobalSection
EndGlobal
