
Microsoft Visual Studio Solution File, Format Version 12.00
# Visual Studio Version 17
VisualStudioVersion = 17.3.32901.215
MinimumVisualStudioVersion = 10.0.40219.1
Project("{FAE04EC0-301F-11D3-BF4B-00C04F79EFBC}") = "Class-200-Path", "Class-200-Path\Class-200-Path.csproj", "{F5086FA5-6A9B-45A8-99FD-AB43F25652B6}"
EndProject
Global
	GlobalSection(SolutionConfigurationPlatforms) = preSolution
		Debug|Any CPU = Debug|Any CPU
		Release|Any CPU = Release|Any CPU
	EndGlobalSection
	GlobalSection(ProjectConfigurationPlatforms) = postSolution
		{F5086FA5-6A9B-45A8-99FD-AB43F25652B6}.Debug|Any CPU.ActiveCfg = Debug|Any CPU
		{F5086FA5-6A9B-45A8-99FD-AB43F25652B6}.Debug|Any CPU.Build.0 = Debug|Any CPU
		{F5086FA5-6A9B-45A8-99FD-AB43F25652B6}.Release|Any CPU.ActiveCfg = Release|Any CPU
		{F5086FA5-6A9B-45A8-99FD-AB43F25652B6}.Release|Any CPU.Build.0 = Release|Any CPU
	EndGlobalSection
	GlobalSection(SolutionProperties) = preSolution
		HideSolutionNode = FALSE
	EndGlobalSection
	GlobalSection(ExtensibilityGlobals) = postSolution
		SolutionGuid = {31B4C55A-5841-459E-8126-8E084B830EFB}
	EndGlobalSection
EndGlobal
